// !$*UTF8*$!
{
	archiveVersion = 1;
	classes = {
	};
	objectVersion = 50;
	objects = {

/* Begin PBXBuildFile section */
		C0F19E64247C8AA100BF13A3 /* AppDelegate.swift in Sources */ = {isa = PBXBuildFile; fileRef = C0F19E63247C8AA100BF13A3 /* AppDelegate.swift */; };
		C0F19E66247C8AA100BF13A3 /* SceneDelegate.swift in Sources */ = {isa = PBXBuildFile; fileRef = C0F19E65247C8AA100BF13A3 /* SceneDelegate.swift */; };
		C0F19E69247C8AA100BF13A3 /* Quick_Inventory.xcdatamodeld in Sources */ = {isa = PBXBuildFile; fileRef = C0F19E67247C8AA100BF13A3 /* Quick_Inventory.xcdatamodeld */; };
		C0F19E6B247C8AA100BF13A3 /* ContentView.swift in Sources */ = {isa = PBXBuildFile; fileRef = C0F19E6A247C8AA100BF13A3 /* ContentView.swift */; };
		C0F19E6D247C8AA400BF13A3 /* Assets.xcassets in Resources */ = {isa = PBXBuildFile; fileRef = C0F19E6C247C8AA400BF13A3 /* Assets.xcassets */; };
		C0F19E70247C8AA400BF13A3 /* Preview Assets.xcassets in Resources */ = {isa = PBXBuildFile; fileRef = C0F19E6F247C8AA400BF13A3 /* Preview Assets.xcassets */; };
		C0F19E73247C8AA400BF13A3 /* LaunchScreen.storyboard in Resources */ = {isa = PBXBuildFile; fileRef = C0F19E71247C8AA400BF13A3 /* LaunchScreen.storyboard */; };
/* End PBXBuildFile section */

/* Begin PBXFileReference section */
		C0F19E60247C8AA100BF13A3 /* Quick Inventory.app */ = {isa = PBXFileReference; explicitFileType = wrapper.application; includeInIndex = 0; path = "Quick Inventory.app"; sourceTree = BUILT_PRODUCTS_DIR; };
		C0F19E63247C8AA100BF13A3 /* AppDelegate.swift */ = {isa = PBXFileReference; lastKnownFileType = sourcecode.swift; path = AppDelegate.swift; sourceTree = "<group>"; };
		C0F19E65247C8AA100BF13A3 /* SceneDelegate.swift */ = {isa = PBXFileReference; lastKnownFileType = sourcecode.swift; path = SceneDelegate.swift; sourceTree = "<group>"; };
		C0F19E68247C8AA100BF13A3 /* Quick_Inventory.xcdatamodel */ = {isa = PBXFileReference; lastKnownFileType = wrapper.xcdatamodel; path = Quick_Inventory.xcdatamodel; sourceTree = "<group>"; };
		C0F19E6A247C8AA100BF13A3 /* ContentView.swift */ = {isa = PBXFileReference; lastKnownFileType = sourcecode.swift; path = ContentView.swift; sourceTree = "<group>"; };
		C0F19E6C247C8AA400BF13A3 /* Assets.xcassets */ = {isa = PBXFileReference; lastKnownFileType = folder.assetcatalog; path = Assets.xcassets; sourceTree = "<group>"; };
		C0F19E6F247C8AA400BF13A3 /* Preview Assets.xcassets */ = {isa = PBXFileReference; lastKnownFileType = folder.assetcatalog; path = "Preview Assets.xcassets"; sourceTree = "<group>"; };
		C0F19E72247C8AA400BF13A3 /* Base */ = {isa = PBXFileReference; lastKnownFileType = file.storyboard; name = Base; path = Base.lproj/LaunchScreen.storyboard; sourceTree = "<group>"; };
		C0F19E74247C8AA400BF13A3 /* Info.plist */ = {isa = PBXFileReference; lastKnownFileType = text.plist.xml; path = Info.plist; sourceTree = "<group>"; };
/* End PBXFileReference section */

/* Begin PBXFrameworksBuildPhase section */
		C0F19E5D247C8AA100BF13A3 /* Frameworks */ = {
			isa = PBXFrameworksBuildPhase;
			buildActionMask = 2147483647;
			files = (
			);
			runOnlyForDeploymentPostprocessing = 0;
		};
/* End PBXFrameworksBuildPhase section */

/* Begin PBXGroup section */
		C0F19E57247C8AA100BF13A3 = {
			isa = PBXGroup;
			children = (
				C0F19E62247C8AA100BF13A3 /* Quick Inventory */,
				C0F19E61247C8AA100BF13A3 /* Products */,
			);
			sourceTree = "<group>";
		};
		C0F19E61247C8AA100BF13A3 /* Products */ = {
			isa = PBXGroup;
			children = (
				C0F19E60247C8AA100BF13A3 /* Quick Inventory.app */,
			);
			name = Products;
			sourceTree = "<group>";
		};
		C0F19E62247C8AA100BF13A3 /* Quick Inventory */ = {
			isa = PBXGroup;
			children = (
				C0F19E63247C8AA100BF13A3 /* AppDelegate.swift */,
				C0F19E65247C8AA100BF13A3 /* SceneDelegate.swift */,
				C0F19E6A247C8AA100BF13A3 /* ContentView.swift */,
				C0F19E6C247C8AA400BF13A3 /* Assets.xcassets */,
				C0F19E71247C8AA400BF13A3 /* LaunchScreen.storyboard */,
				C0F19E74247C8AA400BF13A3 /* Info.plist */,
				C0F19E67247C8AA100BF13A3 /* Quick_Inventory.xcdatamodeld */,
				C0F19E6E247C8AA400BF13A3 /* Preview Content */,
			);
			path = "Quick Inventory";
			sourceTree = "<group>";
		};
		C0F19E6E247C8AA400BF13A3 /* Preview Content */ = {
			isa = PBXGroup;
			children = (
				C0F19E6F247C8AA400BF13A3 /* Preview Assets.xcassets */,
			);
			path = "Preview Content";
			sourceTree = "<group>";
		};
/* End PBXGroup section */

/* Begin PBXNativeTarget section */
		C0F19E5F247C8AA100BF13A3 /* Quick Inventory */ = {
			isa = PBXNativeTarget;
			buildConfigurationList = C0F19E77247C8AA400BF13A3 /* Build configuration list for PBXNativeTarget "Quick Inventory" */;
			buildPhases = (
				C0F19E5C247C8AA100BF13A3 /* Sources */,
				C0F19E5D247C8AA100BF13A3 /* Frameworks */,
				C0F19E5E247C8AA100BF13A3 /* Resources */,
			);
			buildRules = (
			);
			dependencies = (
			);
			name = "Quick Inventory";
			productName = "Quick Inventory";
			productReference = C0F19E60247C8AA100BF13A3 /* Quick Inventory.app */;
			productType = "com.apple.product-type.application";
		};
/* End PBXNativeTarget section */

/* Begin PBXProject section */
		C0F19E58247C8AA100BF13A3 /* Project object */ = {
			isa = PBXProject;
			attributes = {
				LastSwiftUpdateCheck = 1140;
				LastUpgradeCheck = 1140;
				ORGANIZATIONNAME = "Aroon Narayanan";
				TargetAttributes = {
					C0F19E5F247C8AA100BF13A3 = {
						CreatedOnToolsVersion = 11.4.1;
					};
				};
			};
			buildConfigurationList = C0F19E5B247C8AA100BF13A3 /* Build configuration list for PBXProject "Quick Inventory" */;
			compatibilityVersion = "Xcode 9.3";
			developmentRegion = en;
			hasScannedForEncodings = 0;
			knownRegions = (
				en,
				Base,
			);
			mainGroup = C0F19E57247C8AA100BF13A3;
			productRefGroup = C0F19E61247C8AA100BF13A3 /* Products */;
			projectDirPath = "";
			projectRoot = "";
			targets = (
				C0F19E5F247C8AA100BF13A3 /* Quick Inventory */,
			);
		};
/* End PBXProject section */

/* Begin PBXResourcesBuildPhase section */
		C0F19E5E247C8AA100BF13A3 /* Resources */ = {
			isa = PBXResourcesBuildPhase;
			buildActionMask = 2147483647;
			files = (
				C0F19E73247C8AA400BF13A3 /* LaunchScreen.storyboard in Resources */,
				C0F19E70247C8AA400BF13A3 /* Preview Assets.xcassets in Resources */,
				C0F19E6D247C8AA400BF13A3 /* Assets.xcassets in Resources */,
			);
			runOnlyForDeploymentPostprocessing = 0;
		};
/* End PBXResourcesBuildPhase section */

/* Begin PBXSourcesBuildPhase section */
		C0F19E5C247C8AA100BF13A3 /* Sources */ = {
			isa = PBXSourcesBuildPhase;
			buildActionMask = 2147483647;
			files = (
				C0F19E64247C8AA100BF13A3 /* AppDelegate.swift in Sources */,
				C0F19E66247C8AA100BF13A3 /* SceneDelegate.swift in Sources */,
				C0F19E6B247C8AA100BF13A3 /* ContentView.swift in Sources */,
				C0F19E69247C8AA100BF13A3 /* Quick_Inventory.xcdatamodeld in Sources */,
			);
			runOnlyForDeploymentPostprocessing = 0;
		};
/* End PBXSourcesBuildPhase section */

/* Begin PBXVariantGroup section */
		C0F19E71247C8AA400BF13A3 /* LaunchScreen.storyboard */ = {
			isa = PBXVariantGroup;
			children = (
				C0F19E72247C8AA400BF13A3 /* Base */,
			);
			name = LaunchScreen.storyboard;
			sourceTree = "<group>";
		};
/* End PBXVariantGroup section */

/* Begin XCBuildConfiguration section */
		C0F19E75247C8AA400BF13A3 /* Debug */ = {
			isa = XCBuildConfiguration;
			buildSettings = {
				ALWAYS_SEARCH_USER_PATHS = NO;
				CLANG_ANALYZER_NONNULL = YES;
				CLANG_ANALYZER_NUMBER_OBJECT_CONVERSION = YES_AGGRESSIVE;
				CLANG_CXX_LANGUAGE_STANDARD = "gnu++14";
				CLANG_CXX_LIBRARY = "libc++";
				CLANG_ENABLE_MODULES = YES;
				CLANG_ENABLE_OBJC_ARC = YES;
				CLANG_ENABLE_OBJC_WEAK = YES;
				CLANG_WARN_BLOCK_CAPTURE_AUTORELEASING = YES;
				CLANG_WARN_BOOL_CONVERSION = YES;
				CLANG_WARN_COMMA = YES;
				CLANG_WARN_CONSTANT_CONVERSION = YES;
				CLANG_WARN_DEPRECATED_OBJC_IMPLEMENTATIONS = YES;
				CLANG_WARN_DIRECT_OBJC_ISA_USAGE = YES_ERROR;
				CLANG_WARN_DOCUMENTATION_COMMENTS = YES;
				CLANG_WARN_EMPTY_BODY = YES;
				CLANG_WARN_ENUM_CONVERSION = YES;
				CLANG_WARN_INFINITE_RECURSION = YES;
				CLANG_WARN_INT_CONVERSION = YES;
				CLANG_WARN_NON_LITERAL_NULL_CONVERSION = YES;
				CLANG_WARN_OBJC_IMPLICIT_RETAIN_SELF = YES;
				CLANG_WARN_OBJC_LITERAL_CONVERSION = YES;
				CLANG_WARN_OBJC_ROOT_CLASS = YES_ERROR;
				CLANG_WARN_RANGE_LOOP_ANALYSIS = YES;
				CLANG_WARN_STRICT_PROTOTYPES = YES;
				CLANG_WARN_SUSPICIOUS_MOVE = YES;
				CLANG_WARN_UNGUARDED_AVAILABILITY = YES_AGGRESSIVE;
				CLANG_WARN_UNREACHABLE_CODE = YES;
				CLANG_WARN__DUPLICATE_METHOD_MATCH = YES;
				COPY_PHASE_STRIP = NO;
				DEBUG_INFORMATION_FORMAT = dwarf;
				ENABLE_STRICT_OBJC_MSGSEND = YES;
				ENABLE_TESTABILITY = YES;
				GCC_C_LANGUAGE_STANDARD = gnu11;
				GCC_DYNAMIC_NO_PIC = NO;
				GCC_NO_COMMON_BLOCKS = YES;
				GCC_OPTIMIZATION_LEVEL = 0;
				GCC_PREPROCESSOR_DEFINITIONS = (
					"DEBUG=1",
					"$(inherited)",
				);
				GCC_WARN_64_TO_32_BIT_CONVERSION = YES;
				GCC_WARN_ABOUT_RETURN_TYPE = YES_ERROR;
				GCC_WARN_UNDECLARED_SELECTOR = YES;
				GCC_WARN_UNINITIALIZED_AUTOS = YES_AGGRESSIVE;
				GCC_WARN_UNUSED_FUNCTION = YES;
				GCC_WARN_UNUSED_VARIABLE = YES;
				IPHONEOS_DEPLOYMENT_TARGET = 13.4;
				MTL_ENABLE_DEBUG_INFO = INCLUDE_SOURCE;
				MTL_FAST_MATH = YES;
				ONLY_ACTIVE_ARCH = YES;
				SDKROOT = iphoneos;
				SWIFT_ACTIVE_COMPILATION_CONDITIONS = DEBUG;
				SWIFT_OPTIMIZATION_LEVEL = "-Onone";
			};
			name = Debug;
		};
		C0F19E76247C8AA400BF13A3 /* Release */ = {
			isa = XCBuildConfiguration;
			buildSettings = {
				ALWAYS_SEARCH_USER_PATHS = NO;
				CLANG_ANALYZER_NONNULL = YES;
				CLANG_ANALYZER_NUMBER_OBJECT_CONVERSION = YES_AGGRESSIVE;
				CLANG_CXX_LANGUAGE_STANDARD = "gnu++14";
				CLANG_CXX_LIBRARY = "libc++";
				CLANG_ENABLE_MODULES = YES;
				CLANG_ENABLE_OBJC_ARC = YES;
				CLANG_ENABLE_OBJC_WEAK = YES;
				CLANG_WARN_BLOCK_CAPTURE_AUTORELEASING = YES;
				CLANG_WARN_BOOL_CONVERSION = YES;
				CLANG_WARN_COMMA = YES;
				CLANG_WARN_CONSTANT_CONVERSION = YES;
				CLANG_WARN_DEPRECATED_OBJC_IMPLEMENTATIONS = YES;
				CLANG_WARN_DIRECT_OBJC_ISA_USAGE = YES_ERROR;
				CLANG_WARN_DOCUMENTATION_COMMENTS = YES;
				CLANG_WARN_EMPTY_BODY = YES;
				CLANG_WARN_ENUM_CONVERSION = YES;
				CLANG_WARN_INFINITE_RECURSION = YES;
				CLANG_WARN_INT_CONVERSION = YES;
				CLANG_WARN_NON_LITERAL_NULL_CONVERSION = YES;
				CLANG_WARN_OBJC_IMPLICIT_RETAIN_SELF = YES;
				CLANG_WARN_OBJC_LITERAL_CONVERSION = YES;
				CLANG_WARN_OBJC_ROOT_CLASS = YES_ERROR;
				CLANG_WARN_RANGE_LOOP_ANALYSIS = YES;
				CLANG_WARN_STRICT_PROTOTYPES = YES;
				CLANG_WARN_SUSPICIOUS_MOVE = YES;
				CLANG_WARN_UNGUARDED_AVAILABILITY = YES_AGGRESSIVE;
				CLANG_WARN_UNREACHABLE_CODE = YES;
				CLANG_WARN__DUPLICATE_METHOD_MATCH = YES;
				COPY_PHASE_STRIP = NO;
				DEBUG_INFORMATION_FORMAT = "dwarf-with-dsym";
				ENABLE_NS_ASSERTIONS = NO;
				ENABLE_STRICT_OBJC_MSGSEND = YES;
				GCC_C_LANGUAGE_STANDARD = gnu11;
				GCC_NO_COMMON_BLOCKS = YES;
				GCC_WARN_64_TO_32_BIT_CONVERSION = YES;
				GCC_WARN_ABOUT_RETURN_TYPE = YES_ERROR;
				GCC_WARN_UNDECLARED_SELECTOR = YES;
				GCC_WARN_UNINITIALIZED_AUTOS = YES_AGGRESSIVE;
				GCC_WARN_UNUSED_FUNCTION = YES;
				GCC_WARN_UNUSED_VARIABLE = YES;
				IPHONEOS_DEPLOYMENT_TARGET = 13.4;
				MTL_ENABLE_DEBUG_INFO = NO;
				MTL_FAST_MATH = YES;
				SDKROOT = iphoneos;
				SWIFT_COMPILATION_MODE = wholemodule;
				SWIFT_OPTIMIZATION_LEVEL = "-O";
				VALIDATE_PRODUCT = YES;
			};
			name = Release;
		};
		C0F19E78247C8AA400BF13A3 /* Debug */ = {
			isa = XCBuildConfiguration;
			buildSettings = {
				ASSETCATALOG_COMPILER_APPICON_NAME = AppIcon;
				CODE_SIGN_STYLE = Automatic;
				DEVELOPMENT_ASSET_PATHS = "\"Quick Inventory/Preview Content\"";
				DEVELOPMENT_TEAM = H772T9VEX6;
				ENABLE_PREVIEWS = YES;
				INFOPLIST_FILE = "Quick Inventory/Info.plist";
				LD_RUNPATH_SEARCH_PATHS = (
					"$(inherited)",
					"@executable_path/Frameworks",
				);
				PRODUCT_BUNDLE_IDENTIFIER = "com.aroonnarayanan.Quick-Inventory";
				PRODUCT_NAME = "$(TARGET_NAME)";
				SWIFT_VERSION = 5.0;
				TARGETED_DEVICE_FAMILY = "1,2";
			};
			name = Debug;
		};
		C0F19E79247C8AA400BF13A3 /* Release */ = {
			isa = XCBuildConfiguration;
			buildSettings = {
				ASSETCATALOG_COMPILER_APPICON_NAME = AppIcon;
				CODE_SIGN_STYLE = Automatic;
				DEVELOPMENT_ASSET_PATHS = "\"Quick Inventory/Preview Content\"";
				DEVELOPMENT_TEAM = H772T9VEX6;
				ENABLE_PREVIEWS = YES;
				INFOPLIST_FILE = "Quick Inventory/Info.plist";
				LD_RUNPATH_SEARCH_PATHS = (
					"$(inherited)",
					"@executable_path/Frameworks",
				);
				PRODUCT_BUNDLE_IDENTIFIER = "com.aroonnarayanan.Quick-Inventory";
				PRODUCT_NAME = "$(TARGET_NAME)";
				SWIFT_VERSION = 5.0;
				TARGETED_DEVICE_FAMILY = "1,2";
			};
			name = Release;
		};
/* End XCBuildConfiguration section */

/* Begin XCConfigurationList section */
		C0F19E5B247C8AA100BF13A3 /* Build configuration list for PBXProject "Quick Inventory" */ = {
			isa = XCConfigurationList;
			buildConfigurations = (
				C0F19E75247C8AA400BF13A3 /* Debug */,
				C0F19E76247C8AA400BF13A3 /* Release */,
			);
			defaultConfigurationIsVisible = 0;
			defaultConfigurationName = Release;
		};
		C0F19E77247C8AA400BF13A3 /* Build configuration list for PBXNativeTarget "Quick Inventory" */ = {
			isa = XCConfigurationList;
			buildConfigurations = (
				C0F19E78247C8AA400BF13A3 /* Debug */,
				C0F19E79247C8AA400BF13A3 /* Release */,
			);
			defaultConfigurationIsVisible = 0;
			defaultConfigurationName = Release;
		};
/* End XCConfigurationList section */

/* Begin XCVersionGroup section */
		C0F19E67247C8AA100BF13A3 /* Quick_Inventory.xcdatamodeld */ = {
			isa = XCVersionGroup;
			children = (
				C0F19E68247C8AA100BF13A3 /* Quick_Inventory.xcdatamodel */,
			);
			currentVersion = C0F19E68247C8AA100BF13A3 /* Quick_Inventory.xcdatamodel */;
			path = Quick_Inventory.xcdatamodeld;
			sourceTree = "<group>";
			versionGroupType = wrapper.xcdatamodel;
		};
/* End XCVersionGroup section */
	};
	rootObject = C0F19E58247C8AA100BF13A3 /* Project object */;
}
